
Microsoft Visual Studio Solution File, Format Version 12.00
# Visual Studio Version 16
VisualStudioVersion = 16.0.30611.23
MinimumVisualStudioVersion = 10.0.40219.1
Project("{FAE04EC0-301F-11D3-BF4B-00C04F79EFBC}") = "Xamarin.RGB", "Xamarin.RGB\Xamarin.RGB.csproj", "{5C83EA39-CEA8-45FD-B118-B957E8713FF6}"
EndProject
Global
	GlobalSection(SolutionConfigurationPlatforms) = preSolution
		Debug|Any CPU = Debug|Any CPU
		Release|Any CPU = Release|Any CPU
	EndGlobalSection
	GlobalSection(ProjectConfigurationPlatforms) = postSolution
		{5C83EA39-CEA8-45FD-B118-B957E8713FF6}.Debug|Any CPU.ActiveCfg = Debug|Any CPU
		{5C83EA39-CEA8-45FD-B118-B957E8713FF6}.Debug|Any CPU.Build.0 = Debug|Any CPU
		{5C83EA39-CEA8-45FD-B118-B957E8713FF6}.Release|Any CPU.ActiveCfg = Release|Any CPU
		{5C83EA39-CEA8-45FD-B118-B957E8713FF6}.Release|Any CPU.Build.0 = Release|Any CPU
	EndGlobalSection
	GlobalSection(SolutionProperties) = preSolution
		HideSolutionNode = FALSE
	EndGlobalSection
	GlobalSection(ExtensibilityGlobals) = postSolution
		SolutionGuid = {C4D2150B-1929-49DF-9386-F53AA15A84A2}
	EndGlobalSection
EndGlobal
